{
  "version": 4,
  "terraform_version": "1.5.5",
  "serial": 6,
  "lineage": "f1d244ce-b176-9e95-496f-3daf54cc1bc1",
  "outputs": {},
  "resources": [
    {
      "mode": "managed",
      "type": "databricks_job",
      "name": "DLT_Example_Piepline",
      "provider": "provider[\"registry.terraform.io/databricks/databricks\"]",
      "instances": [
        {
          "schema_version": 2,
          "attributes": {
            "always_running": false,
            "budget_policy_id": null,
            "continuous": [],
            "control_run_state": false,
            "dbt_task": [],
            "deployment": [
              {
                "kind": "BUNDLE",
                "metadata_file_path": "/Workspace/Users/matheshofficial87@gmail.com/.bundle/asset_bundle_demo/dev/state/metadata.json"
              }
            ],
            "description": null,
            "edit_mode": "UI_LOCKED",
            "email_notifications": [
              {
                "no_alert_for_skipped_runs": false,
                "on_duration_warning_threshold_exceeded": null,
                "on_failure": [
                  "matheshofficial87@gmail.com"
                ],
                "on_start": null,
                "on_streaming_backlog_exceeded": null,
                "on_success": null
              }
            ],
            "environment": [],
            "existing_cluster_id": null,
            "format": "MULTI_TASK",
            "git_source": [],
            "health": [],
            "id": "997325778001128",
            "job_cluster": [],
            "library": [],
            "max_concurrent_runs": 4,
            "max_retries": 0,
            "min_retry_interval_millis": 0,
            "name": "[dev matheshofficial87] DLT_Example_Piepline",
            "new_cluster": [],
            "notebook_task": [],
            "notification_settings": [
              {
                "no_alert_for_canceled_runs": false,
                "no_alert_for_skipped_runs": true
              }
            ],
            "parameter": [],
            "performance_target": "PERFORMANCE_OPTIMIZED",
            "pipeline_task": [],
            "provider_config": [],
            "python_wheel_task": [],
            "queue": [
              {
                "enabled": true
              }
            ],
            "retry_on_timeout": false,
            "run_as": [
              {
                "service_principal_name": "",
                "user_name": "matheshofficial87@gmail.com"
              }
            ],
            "run_job_task": [],
            "schedule": [],
            "spark_jar_task": [],
            "spark_python_task": [],
            "spark_submit_task": [],
            "tags": {
              "dev": "matheshofficial87"
            },
            "task": [
              {
                "clean_rooms_notebook_task": [],
                "condition_task": [],
                "dashboard_task": [],
                "dbt_cloud_task": [],
                "dbt_platform_task": [],
                "dbt_task": [],
                "depends_on": [],
                "description": "",
                "disable_auto_optimization": false,
                "disabled": false,
                "email_notifications": [
                  {
                    "no_alert_for_skipped_runs": false,
                    "on_duration_warning_threshold_exceeded": [],
                    "on_failure": [],
                    "on_start": [],
                    "on_streaming_backlog_exceeded": [],
                    "on_success": []
                  }
                ],
                "environment_key": "",
                "existing_cluster_id": "",
                "for_each_task": [],
                "gen_ai_compute_task": [],
                "health": [],
                "job_cluster_key": "",
                "library": [],
                "max_retries": 0,
                "min_retry_interval_millis": 0,
                "new_cluster": [],
                "notebook_task": [],
                "notification_settings": [],
                "pipeline_task": [
                  {
                    "full_refresh": false,
                    "pipeline_id": "53584380-86ba-4e15-823b-61b48430f866"
                  }
                ],
                "power_bi_task": [],
                "python_wheel_task": [],
                "retry_on_timeout": false,
                "run_if": "ALL_SUCCESS",
                "run_job_task": [],
                "spark_jar_task": [],
                "spark_python_task": [],
                "spark_submit_task": [],
                "sql_task": [],
                "task_key": "pipeline-task-53584380-86ba-4e15-823b-61b48430f866",
                "timeout_seconds": 0,
                "webhook_notifications": []
              }
            ],
            "timeout_seconds": 0,
            "timeouts": null,
            "trigger": [],
            "url": "https://dbc-ca9b05ff-71e0.cloud.databricks.com/#job/997325778001128",
            "usage_policy_id": null,
            "webhook_notifications": [
              {
                "on_duration_warning_threshold_exceeded": [],
                "on_failure": [],
                "on_start": [],
                "on_streaming_backlog_exceeded": [],
                "on_success": []
              }
            ]
          },
          "sensitive_attributes": [],
          "private": "eyJlMmJmYjczMC1lY2FhLTExZTYtOGY4OC0zNDM2M2JjN2M0YzAiOnsiY3JlYXRlIjoxODAwMDAwMDAwMDAwLCJ1cGRhdGUiOjE4MDAwMDAwMDAwMDB9LCJzY2hlbWFfdmVyc2lvbiI6IjIifQ=="
        }
      ]
    },
    {
      "mode": "managed",
      "type": "databricks_pipeline",
      "name": "asset_bundle_demo_etl",
      "provider": "provider[\"registry.terraform.io/databricks/databricks\"]",
      "instances": [
        {
          "schema_version": 0,
          "attributes": {
            "allow_duplicate_names": false,
            "budget_policy_id": null,
            "catalog": "workspace",
            "cause": null,
            "channel": "CURRENT",
            "cluster": [],
            "cluster_id": null,
            "configuration": null,
            "continuous": false,
            "creator_user_name": "matheshofficial87@gmail.com",
            "deployment": [
              {
                "kind": "BUNDLE",
                "metadata_file_path": "/Workspace/Users/matheshofficial87@gmail.com/.bundle/asset_bundle_demo/dev/state/metadata.json"
              }
            ],
            "development": true,
            "edition": "ADVANCED",
            "environment": [
              {
                "dependencies": [
                  "--editable /Workspace/Users/matheshofficial87@gmail.com/.bundle/asset_bundle_demo/dev/files"
                ]
              }
            ],
            "event_log": [],
            "expected_last_modified": 0,
            "filters": [],
            "gateway_definition": [],
            "health": null,
            "id": "d238b8e8-56fe-4fbf-8768-bf8ccdb7e3cd",
            "ingestion_definition": [],
            "last_modified": 1770283120324,
            "latest_updates": [],
            "library": [
              {
                "file": [],
                "glob": [
                  {
                    "include": "/Workspace/Users/matheshofficial87@gmail.com/.bundle/asset_bundle_demo/dev/files/src/asset_bundle_demo_etl/transformations/**"
                  }
                ],
                "jar": "",
                "maven": [],
                "notebook": [],
                "whl": ""
              }
            ],
            "name": "[dev matheshofficial87] asset_bundle_demo_etl",
            "notification": [],
            "photon": false,
            "restart_window": [],
            "root_path": "/Workspace/Users/matheshofficial87@gmail.com/.bundle/asset_bundle_demo/dev/files/src/asset_bundle_demo_etl",
            "run_as": [],
            "run_as_user_name": "matheshofficial87@gmail.com",
            "schema": "matheshofficial87",
            "serverless": true,
            "state": "IDLE",
            "storage": null,
            "tags": {
              "dev": "matheshofficial87"
            },
            "target": null,
            "timeouts": null,
            "trigger": [],
            "url": "https://dbc-ca9b05ff-71e0.cloud.databricks.com/#joblist/pipelines/d238b8e8-56fe-4fbf-8768-bf8ccdb7e3cd",
            "usage_policy_id": null
          },
          "sensitive_attributes": [],
          "private": "eyJlMmJmYjczMC1lY2FhLTExZTYtOGY4OC0zNDM2M2JjN2M0YzAiOnsiY3JlYXRlIjoxMjAwMDAwMDAwMDAwLCJkZWZhdWx0IjoxMjAwMDAwMDAwMDAwLCJkZWxldGUiOjEyMDAwMDAwMDAwMDAsInJlYWQiOjEyMDAwMDAwMDAwMDAsInVwZGF0ZSI6MTIwMDAwMDAwMDAwMH19"
        }
      ]
    }
  ],
  "check_results": null
}
